
Microsoft Visual Studio Solution File, Format Version 12.00
# Visual Studio Version 17
VisualStudioVersion = 17.8.34330.188
MinimumVisualStudioVersion = 10.0.40219.1
Project("{FAE04EC0-301F-11D3-BF4B-00C04F79EFBC}") = "QLSV", "QLSV\QLSV.csproj", "{1DEBA0D9-2297-4F3B-883C-13A3E2875661}"
EndProject
Global
	GlobalSection(SolutionConfigurationPlatforms) = preSolution
		Debug|Any CPU = Debug|Any CPU
		Release|Any CPU = Release|Any CPU
	EndGlobalSection
	GlobalSection(ProjectConfigurationPlatforms) = postSolution
		{1DEBA0D9-2297-4F3B-883C-13A3E2875661}.Debug|Any CPU.ActiveCfg = Debug|Any CPU
		{1DEBA0D9-2297-4F3B-883C-13A3E2875661}.Debug|Any CPU.Build.0 = Debug|Any CPU
		{1DEBA0D9-2297-4F3B-883C-13A3E2875661}.Release|Any CPU.ActiveCfg = Release|Any CPU
		{1DEBA0D9-2297-4F3B-883C-13A3E2875661}.Release|Any CPU.Build.0 = Release|Any CPU
	EndGlobalSection
	GlobalSection(SolutionProperties) = preSolution
		HideSolutionNode = FALSE
	EndGlobalSection
	GlobalSection(ExtensibilityGlobals) = postSolution
		SolutionGuid = {AD11756F-B62D-484E-97DF-D6E1BBB22A1A}
	EndGlobalSection
EndGlobal
